github.com/fatezhou/tools v0.0.0-20191030031159-8d8f760a80f0 h1:D6CoutYunNy8MJSqaMKzLcOBL1K5o6+EqRoNmuzbcH8=
github.com/fatezhou/tools v0.0.0-20191030031159-8d8f760a80f0/go.mod h1:f5dov1dY5ljIO4kWoR5syYIoXYeGbu0AmOeAUNZDKeQ=
github.com/fatezhou/tools v0.0.0-20191030033057-c3e4f2a387ee h1:lj78ytCyCxlHetyrvTmk1zCNsLMexjczJLAsnYdVO38=
github.com/fatezhou/tools v0.0.0-20191030033057-c3e4f2a387ee/go.mod h1:f5dov1dY5ljIO4kWoR5syYIoXYeGbu0AmOeAUNZDKeQ=
github.com/fatezhou/tools v0.0.0-20191030075506-ed506a7eadbb h1:jrKouqNo0DO4qxl3w73mTkgahsQfC23QLIbGgFq+n5o=
github.com/fatezhou/tools v0.0.0-20191030075506-ed506a7eadbb/go.mod h1:f5dov1dY5ljIO4kWoR5syYIoXYeGbu0AmOeAUNZDKeQ=
